
Microsoft Visual Studio Solution File, Format Version 12.00
# Visual Studio Version 16
VisualStudioVersion = 16.0.30611.23
MinimumVisualStudioVersion = 10.0.40219.1
Project("{FAE04EC0-301F-11D3-BF4B-00C04F79EFBC}") = "NemetosInternship.App", "NemetosInternship.App.csproj", "{8D5CC29E-3922-4DD5-BEC4-D22D5023E4BB}"
EndProject
Project("{FAE04EC0-301F-11D3-BF4B-00C04F79EFBC}") = "NemetosInternship.App.Tests", "..\NemetosInternship.App.Tests\NemetosInternship.App.Tests.csproj", "{7AE96747-9DCB-4169-BB39-74E8198F477F}"
EndProject
Global
	GlobalSection(SolutionConfigurationPlatforms) = preSolution
		Debug|Any CPU = Debug|Any CPU
		Release|Any CPU = Release|Any CPU
	EndGlobalSection
	GlobalSection(ProjectConfigurationPlatforms) = postSolution
		{8D5CC29E-3922-4DD5-BEC4-D22D5023E4BB}.Debug|Any CPU.ActiveCfg = Debug|Any CPU
		{8D5CC29E-3922-4DD5-BEC4-D22D5023E4BB}.Debug|Any CPU.Build.0 = Debug|Any CPU
		{8D5CC29E-3922-4DD5-BEC4-D22D5023E4BB}.Release|Any CPU.ActiveCfg = Release|Any CPU
		{8D5CC29E-3922-4DD5-BEC4-D22D5023E4BB}.Release|Any CPU.Build.0 = Release|Any CPU
		{7AE96747-9DCB-4169-BB39-74E8198F477F}.Debug|Any CPU.ActiveCfg = Debug|Any CPU
		{7AE96747-9DCB-4169-BB39-74E8198F477F}.Debug|Any CPU.Build.0 = Debug|Any CPU
		{7AE96747-9DCB-4169-BB39-74E8198F477F}.Release|Any CPU.ActiveCfg = Release|Any CPU
		{7AE96747-9DCB-4169-BB39-74E8198F477F}.Release|Any CPU.Build.0 = Release|Any CPU
	EndGlobalSection
	GlobalSection(SolutionProperties) = preSolution
		HideSolutionNode = FALSE
	EndGlobalSection
	GlobalSection(ExtensibilityGlobals) = postSolution
		SolutionGuid = {A377BDA0-6FC4-477A-9D08-F9809C1AE259}
	EndGlobalSection
EndGlobal
